// !$*UTF8*$!
{
	archiveVersion = 1;
	classes = {
	};
	objectVersion = 46;
	objects = {

/* Begin PBXBuildFile section */
		7A1CE24818777C310001B18E /* TextStatsViewController.m in Sources */ = {isa = PBXBuildFile; fileRef = 7A1CE24718777C310001B18E /* TextStatsViewController.m */; };
		7A378CF7186AAA9E00D2793A /* Foundation.framework in Frameworks */ = {isa = PBXBuildFile; fileRef = 7A378CF6186AAA9E00D2793A /* Foundation.framework */; };
		7A378CF9186AAA9E00D2793A /* CoreGraphics.framework in Frameworks */ = {isa = PBXBuildFile; fileRef = 7A378CF8186AAA9E00D2793A /* CoreGraphics.framework */; };
		7A378CFB186AAA9E00D2793A /* UIKit.framework in Frameworks */ = {isa = PBXBuildFile; fileRef = 7A378CFA186AAA9E00D2793A /* UIKit.framework */; };
		7A378D01186AAA9E00D2793A /* InfoPlist.strings in Resources */ = {isa = PBXBuildFile; fileRef = 7A378CFF186AAA9E00D2793A /* InfoPlist.strings */; };
		7A378D03186AAA9E00D2793A /* main.m in Sources */ = {isa = PBXBuildFile; fileRef = 7A378D02186AAA9E00D2793A /* main.m */; };
		7A378D07186AAA9E00D2793A /* AttributorAppDelegate.m in Sources */ = {isa = PBXBuildFile; fileRef = 7A378D06186AAA9E00D2793A /* AttributorAppDelegate.m */; };
		7A378D0A186AAA9E00D2793A /* Main.storyboard in Resources */ = {isa = PBXBuildFile; fileRef = 7A378D08186AAA9E00D2793A /* Main.storyboard */; };
		7A378D0D186AAA9E00D2793A /* AttributorViewController.m in Sources */ = {isa = PBXBuildFile; fileRef = 7A378D0C186AAA9E00D2793A /* AttributorViewController.m */; };
		7A378D0F186AAA9E00D2793A /* Images.xcassets in Resources */ = {isa = PBXBuildFile; fileRef = 7A378D0E186AAA9E00D2793A /* Images.xcassets */; };
		7A378D16186AAA9E00D2793A /* XCTest.framework in Frameworks */ = {isa = PBXBuildFile; fileRef = 7A378D15186AAA9E00D2793A /* XCTest.framework */; };
		7A378D17186AAA9E00D2793A /* Foundation.framework in Frameworks */ = {isa = PBXBuildFile; fileRef = 7A378CF6186AAA9E00D2793A /* Foundation.framework */; };
		7A378D18186AAA9E00D2793A /* UIKit.framework in Frameworks */ = {isa = PBXBuildFile; fileRef = 7A378CFA186AAA9E00D2793A /* UIKit.framework */; };
		7A378D20186AAA9E00D2793A /* InfoPlist.strings in Resources */ = {isa = PBXBuildFile; fileRef = 7A378D1E186AAA9E00D2793A /* InfoPlist.strings */; };
		7A378D22186AAA9E00D2793A /* AttributorTests.m in Sources */ = {isa = PBXBuildFile; fileRef = 7A378D21186AAA9E00D2793A /* AttributorTests.m */; };
/* End PBXBuildFile section */

/* Begin PBXContainerItemProxy section */
		7A378D19186AAA9E00D2793A /* PBXContainerItemProxy */ = {
			isa = PBXContainerItemProxy;
			containerPortal = 7A378CEB186AAA9E00D2793A /* Project object */;
			proxyType = 1;
			remoteGlobalIDString = 7A378CF2186AAA9E00D2793A;
			remoteInfo = Attributor;
		};
/* End PBXContainerItemProxy section */

/* Begin PBXFileReference section */
		7A1CE24618777C310001B18E /* TextStatsViewController.h */ = {isa = PBXFileReference; fileEncoding = 4; lastKnownFileType = sourcecode.c.h; path = TextStatsViewController.h; sourceTree = "<group>"; };
		7A1CE24718777C310001B18E /* TextStatsViewController.m */ = {isa = PBXFileReference; fileEncoding = 4; lastKnownFileType = sourcecode.c.objc; path = TextStatsViewController.m; sourceTree = "<group>"; };
		7A378CF3186AAA9E00D2793A /* Attributor.app */ = {isa = PBXFileReference; explicitFileType = wrapper.application; includeInIndex = 0; path = Attributor.app; sourceTree = BUILT_PRODUCTS_DIR; };
		7A378CF6186AAA9E00D2793A /* Foundation.framework */ = {isa = PBXFileReference; lastKnownFileType = wrapper.framework; name = Foundation.framework; path = System/Library/Frameworks/Foundation.framework; sourceTree = SDKROOT; };
		7A378CF8186AAA9E00D2793A /* CoreGraphics.framework */ = {isa = PBXFileReference; lastKnownFileType = wrapper.framework; name = CoreGraphics.framework; path = System/Library/Frameworks/CoreGraphics.framework; sourceTree = SDKROOT; };
		7A378CFA186AAA9E00D2793A /* UIKit.framework */ = {isa = PBXFileReference; lastKnownFileType = wrapper.framework; name = UIKit.framework; path = System/Library/Frameworks/UIKit.framework; sourceTree = SDKROOT; };
		7A378CFE186AAA9E00D2793A /* Attributor-Info.plist */ = {isa = PBXFileReference; lastKnownFileType = text.plist.xml; path = "Attributor-Info.plist"; sourceTree = "<group>"; };
		7A378D00186AAA9E00D2793A /* en */ = {isa = PBXFileReference; lastKnownFileType = text.plist.strings; name = en; path = en.lproj/InfoPlist.strings; sourceTree = "<group>"; };
		7A378D02186AAA9E00D2793A /* main.m */ = {isa = PBXFileReference; lastKnownFileType = sourcecode.c.objc; path = main.m; sourceTree = "<group>"; };
		7A378D04186AAA9E00D2793A /* Attributor-Prefix.pch */ = {isa = PBXFileReference; lastKnownFileType = sourcecode.c.h; path = "Attributor-Prefix.pch"; sourceTree = "<group>"; };
		7A378D05186AAA9E00D2793A /* AttributorAppDelegate.h */ = {isa = PBXFileReference; lastKnownFileType = sourcecode.c.h; path = AttributorAppDelegate.h; sourceTree = "<group>"; };
		7A378D06186AAA9E00D2793A /* AttributorAppDelegate.m */ = {isa = PBXFileReference; lastKnownFileType = sourcecode.c.objc; path = AttributorAppDelegate.m; sourceTree = "<group>"; };
		7A378D09186AAA9E00D2793A /* Base */ = {isa = PBXFileReference; lastKnownFileType = file.storyboard; name = Base; path = Base.lproj/Main.storyboard; sourceTree = "<group>"; };
		7A378D0B186AAA9E00D2793A /* AttributorViewController.h */ = {isa = PBXFileReference; lastKnownFileType = sourcecode.c.h; path = AttributorViewController.h; sourceTree = "<group>"; };
		7A378D0C186AAA9E00D2793A /* AttributorViewController.m */ = {isa = PBXFileReference; lastKnownFileType = sourcecode.c.objc; path = AttributorViewController.m; sourceTree = "<group>"; };
		7A378D0E186AAA9E00D2793A /* Images.xcassets */ = {isa = PBXFileReference; lastKnownFileType = folder.assetcatalog; path = Images.xcassets; sourceTree = "<group>"; };
		7A378D14186AAA9E00D2793A /* AttributorTests.xctest */ = {isa = PBXFileReference; explicitFileType = wrapper.cfbundle; includeInIndex = 0; path = AttributorTests.xctest; sourceTree = BUILT_PRODUCTS_DIR; };
		7A378D15186AAA9E00D2793A /* XCTest.framework */ = {isa = PBXFileReference; lastKnownFileType = wrapper.framework; name = XCTest.framework; path = Library/Frameworks/XCTest.framework; sourceTree = DEVELOPER_DIR; };
		7A378D1D186AAA9E00D2793A /* AttributorTests-Info.plist */ = {isa = PBXFileReference; lastKnownFileType = text.plist.xml; path = "AttributorTests-Info.plist"; sourceTree = "<group>"; };
		7A378D1F186AAA9E00D2793A /* en */ = {isa = PBXFileReference; lastKnownFileType = text.plist.strings; name = en; path = en.lproj/InfoPlist.strings; sourceTree = "<group>"; };
		7A378D21186AAA9E00D2793A /* AttributorTests.m */ = {isa = PBXFileReference; lastKnownFileType = sourcecode.c.objc; path = AttributorTests.m; sourceTree = "<group>"; };
/* End PBXFileReference section */

/* Begin PBXFrameworksBuildPhase section */
		7A378CF0186AAA9E00D2793A /* Frameworks */ = {
			isa = PBXFrameworksBuildPhase;
			buildActionMask = 2147483647;
			files = (
				7A378CF9186AAA9E00D2793A /* CoreGraphics.framework in Frameworks */,
				7A378CFB186AAA9E00D2793A /* UIKit.framework in Frameworks */,
				7A378CF7186AAA9E00D2793A /* Foundation.framework in Frameworks */,
			);
			runOnlyForDeploymentPostprocessing = 0;
		};
		7A378D11186AAA9E00D2793A /* Frameworks */ = {
			isa = PBXFrameworksBuildPhase;
			buildActionMask = 2147483647;
			files = (
				7A378D16186AAA9E00D2793A /* XCTest.framework in Frameworks */,
				7A378D18186AAA9E00D2793A /* UIKit.framework in Frameworks */,
				7A378D17186AAA9E00D2793A /* Foundation.framework in Frameworks */,
			);
			runOnlyForDeploymentPostprocessing = 0;
		};
/* End PBXFrameworksBuildPhase section */

/* Begin PBXGroup section */
		7A378CEA186AAA9E00D2793A = {
			isa = PBXGroup;
			children = (
				7A378CFC186AAA9E00D2793A /* Attributor */,
				7A378D1B186AAA9E00D2793A /* AttributorTests */,
				7A378CF5186AAA9E00D2793A /* Frameworks */,
				7A378CF4186AAA9E00D2793A /* Products */,
			);
			sourceTree = "<group>";
		};
		7A378CF4186AAA9E00D2793A /* Products */ = {
			isa = PBXGroup;
			children = (
				7A378CF3186AAA9E00D2793A /* Attributor.app */,
				7A378D14186AAA9E00D2793A /* AttributorTests.xctest */,
			);
			name = Products;
			sourceTree = "<group>";
		};
		7A378CF5186AAA9E00D2793A /* Frameworks */ = {
			isa = PBXGroup;
			children = (
				7A378CF6186AAA9E00D2793A /* Foundation.framework */,
				7A378CF8186AAA9E00D2793A /* CoreGraphics.framework */,
				7A378CFA186AAA9E00D2793A /* UIKit.framework */,
				7A378D15186AAA9E00D2793A /* XCTest.framework */,
			);
			name = Frameworks;
			sourceTree = "<group>";
		};
		7A378CFC186AAA9E00D2793A /* Attributor */ = {
			isa = PBXGroup;
			children = (
				7A378D08186AAA9E00D2793A /* Main.storyboard */,
				7A1CE24618777C310001B18E /* TextStatsViewController.h */,
				7A1CE24718777C310001B18E /* TextStatsViewController.m */,
				7A378D0B186AAA9E00D2793A /* AttributorViewController.h */,
				7A378D0C186AAA9E00D2793A /* AttributorViewController.m */,
				7A378D0E186AAA9E00D2793A /* Images.xcassets */,
				7A378CFD186AAA9E00D2793A /* Supporting Files */,
			);
			path = Attributor;
			sourceTree = "<group>";
		};
		7A378CFD186AAA9E00D2793A /* Supporting Files */ = {
			isa = PBXGroup;
			children = (
				7A378D05186AAA9E00D2793A /* AttributorAppDelegate.h */,
				7A378D06186AAA9E00D2793A /* AttributorAppDelegate.m */,
				7A378CFE186AAA9E00D2793A /* Attributor-Info.plist */,
				7A378CFF186AAA9E00D2793A /* InfoPlist.strings */,
				7A378D02186AAA9E00D2793A /* main.m */,
				7A378D04186AAA9E00D2793A /* Attributor-Prefix.pch */,
			);
			name = "Supporting Files";
			sourceTree = "<group>";
		};
		7A378D1B186AAA9E00D2793A /* AttributorTests */ = {
			isa = PBXGroup;
			children = (
				7A378D21186AAA9E00D2793A /* AttributorTests.m */,
				7A378D1C186AAA9E00D2793A /* Supporting Files */,
			);
			path = AttributorTests;
			sourceTree = "<group>";
		};
		7A378D1C186AAA9E00D2793A /* Supporting Files */ = {
			isa = PBXGroup;
			children = (
				7A378D1D186AAA9E00D2793A /* AttributorTests-Info.plist */,
				7A378D1E186AAA9E00D2793A /* InfoPlist.strings */,
			);
			name = "Supporting Files";
			sourceTree = "<group>";
		};
/* End PBXGroup section */

/* Begin PBXNativeTarget section */
		7A378CF2186AAA9E00D2793A /* Attributor */ = {
			isa = PBXNativeTarget;
			buildConfigurationList = 7A378D25186AAA9E00D2793A /* Build configuration list for PBXNativeTarget "Attributor" */;
			buildPhases = (
				7A378CEF186AAA9E00D2793A /* Sources */,
				7A378CF0186AAA9E00D2793A /* Frameworks */,
				7A378CF1186AAA9E00D2793A /* Resources */,
			);
			buildRules = (
			);
			dependencies = (
			);
			name = Attributor;
			productName = Attributor;
			productReference = 7A378CF3186AAA9E00D2793A /* Attributor.app */;
			productType = "com.apple.product-type.application";
		};
		7A378D13186AAA9E00D2793A /* AttributorTests */ = {
			isa = PBXNativeTarget;
			buildConfigurationList = 7A378D28186AAA9E00D2793A /* Build configuration list for PBXNativeTarget "AttributorTests" */;
			buildPhases = (
				7A378D10186AAA9E00D2793A /* Sources */,
				7A378D11186AAA9E00D2793A /* Frameworks */,
				7A378D12186AAA9E00D2793A /* Resources */,
			);
			buildRules = (
			);
			dependencies = (
				7A378D1A186AAA9E00D2793A /* PBXTargetDependency */,
			);
			name = AttributorTests;
			productName = AttributorTests;
			productReference = 7A378D14186AAA9E00D2793A /* AttributorTests.xctest */;
			productType = "com.apple.product-type.bundle.unit-test";
		};
/* End PBXNativeTarget section */

/* Begin PBXProject section */
		7A378CEB186AAA9E00D2793A /* Project object */ = {
			isa = PBXProject;
			attributes = {
				CLASSPREFIX = Attributor;
				LastUpgradeCheck = 0500;
				ORGANIZATIONNAME = "Michael Ho";
				TargetAttributes = {
					7A378D13186AAA9E00D2793A = {
						TestTargetID = 7A378CF2186AAA9E00D2793A;
					};
				};
			};
			buildConfigurationList = 7A378CEE186AAA9E00D2793A /* Build configuration list for PBXProject "Attributor" */;
			compatibilityVersion = "Xcode 3.2";
			developmentRegion = English;
			hasScannedForEncodings = 0;
			knownRegions = (
				en,
				Base,
			);
			mainGroup = 7A378CEA186AAA9E00D2793A;
			productRefGroup = 7A378CF4186AAA9E00D2793A /* Products */;
			projectDirPath = "";
			projectRoot = "";
			targets = (
				7A378CF2186AAA9E00D2793A /* Attributor */,
				7A378D13186AAA9E00D2793A /* AttributorTests */,
			);
		};
/* End PBXProject section */

/* Begin PBXResourcesBuildPhase section */
		7A378CF1186AAA9E00D2793A /* Resources */ = {
			isa = PBXResourcesBuildPhase;
			buildActionMask = 2147483647;
			files = (
				7A378D0F186AAA9E00D2793A /* Images.xcassets in Resources */,
				7A378D01186AAA9E00D2793A /* InfoPlist.strings in Resources */,
				7A378D0A186AAA9E00D2793A /* Main.storyboard in Resources */,
			);
			runOnlyForDeploymentPostprocessing = 0;
		};
		7A378D12186AAA9E00D2793A /* Resources */ = {
			isa = PBXResourcesBuildPhase;
			buildActionMask = 2147483647;
			files = (
				7A378D20186AAA9E00D2793A /* InfoPlist.strings in Resources */,
			);
			runOnlyForDeploymentPostprocessing = 0;
		};
/* End PBXResourcesBuildPhase section */

/* Begin PBXSourcesBuildPhase section */
		7A378CEF186AAA9E00D2793A /* Sources */ = {
			isa = PBXSourcesBuildPhase;
			buildActionMask = 2147483647;
			files = (
				7A378D07186AAA9E00D2793A /* AttributorAppDelegate.m in Sources */,
				7A378D0D186AAA9E00D2793A /* AttributorViewController.m in Sources */,
				7A378D03186AAA9E00D2793A /* main.m in Sources */,
				7A1CE24818777C310001B18E /* TextStatsViewController.m in Sources */,
			);
			runOnlyForDeploymentPostprocessing = 0;
		};
		7A378D10186AAA9E00D2793A /* Sources */ = {
			isa = PBXSourcesBuildPhase;
			buildActionMask = 2147483647;
			files = (
				7A378D22186AAA9E00D2793A /* AttributorTests.m in Sources */,
			);
			runOnlyForDeploymentPostprocessing = 0;
		};
/* End PBXSourcesBuildPhase section */

/* Begin PBXTargetDependency section */
		7A378D1A186AAA9E00D2793A /* PBXTargetDependency */ = {
			isa = PBXTargetDependency;
			target = 7A378CF2186AAA9E00D2793A /* Attributor */;
			targetProxy = 7A378D19186AAA9E00D2793A /* PBXContainerItemProxy */;
		};
/* End PBXTargetDependency section */

/* Begin PBXVariantGroup section */
		7A378CFF186AAA9E00D2793A /* InfoPlist.strings */ = {
			isa = PBXVariantGroup;
			children = (
				7A378D00186AAA9E00D2793A /* en */,
			);
			name = InfoPlist.strings;
			sourceTree = "<group>";
		};
		7A378D08186AAA9E00D2793A /* Main.storyboard */ = {
			isa = PBXVariantGroup;
			children = (
				7A378D09186AAA9E00D2793A /* Base */,
			);
			name = Main.storyboard;
			sourceTree = "<group>";
		};
		7A378D1E186AAA9E00D2793A /* InfoPlist.strings */ = {
			isa = PBXVariantGroup;
			children = (
				7A378D1F186AAA9E00D2793A /* en */,
			);
			name = InfoPlist.strings;
			sourceTree = "<group>";
		};
/* End PBXVariantGroup section */

/* Begin XCBuildConfiguration section */
		7A378D23186AAA9E00D2793A /* Debug */ = {
			isa = XCBuildConfiguration;
			buildSettings = {
				ALWAYS_SEARCH_USER_PATHS = NO;
				ARCHS = "$(ARCHS_STANDARD_INCLUDING_64_BIT)";
				CLANG_CXX_LANGUAGE_STANDARD = "gnu++0x";
				CLANG_CXX_LIBRARY = "libc++";
				CLANG_ENABLE_MODULES = YES;
				CLANG_ENABLE_OBJC_ARC = YES;
				CLANG_WARN_BOOL_CONVERSION = YES;
				CLANG_WARN_CONSTANT_CONVERSION = YES;
				CLANG_WARN_DIRECT_OBJC_ISA_USAGE = YES_ERROR;
				CLANG_WARN_EMPTY_BODY = YES;
				CLANG_WARN_ENUM_CONVERSION = YES;
				CLANG_WARN_INT_CONVERSION = YES;
				CLANG_WARN_OBJC_ROOT_CLASS = YES_ERROR;
				CLANG_WARN__DUPLICATE_METHOD_MATCH = YES;
				"CODE_SIGN_IDENTITY[sdk=iphoneos*]" = "iPhone Developer";
				COPY_PHASE_STRIP = NO;
				GCC_C_LANGUAGE_STANDARD = gnu99;
				GCC_DYNAMIC_NO_PIC = NO;
				GCC_OPTIMIZATION_LEVEL = 0;
				GCC_PREPROCESSOR_DEFINITIONS = (
					"DEBUG=1",
					"$(inherited)",
				);
				GCC_SYMBOLS_PRIVATE_EXTERN = NO;
				GCC_WARN_64_TO_32_BIT_CONVERSION = YES;
				GCC_WARN_ABOUT_RETURN_TYPE = YES_ERROR;
				GCC_WARN_UNDECLARED_SELECTOR = YES;
				GCC_WARN_UNINITIALIZED_AUTOS = YES;
				GCC_WARN_UNUSED_FUNCTION = YES;
				GCC_WARN_UNUSED_VARIABLE = YES;
				IPHONEOS_DEPLOYMENT_TARGET = 7.0;
				ONLY_ACTIVE_ARCH = YES;
				SDKROOT = iphoneos;
			};
			name = Debug;
		};
		7A378D24186AAA9E00D2793A /* Release */ = {
			isa = XCBuildConfiguration;
			buildSettings = {
				ALWAYS_SEARCH_USER_PATHS = NO;
				ARCHS = "$(ARCHS_STANDARD_INCLUDING_64_BIT)";
				CLANG_CXX_LANGUAGE_STANDARD = "gnu++0x";
				CLANG_CXX_LIBRARY = "libc++";
				CLANG_ENABLE_MODULES = YES;
				CLANG_ENABLE_OBJC_ARC = YES;
				CLANG_WARN_BOOL_CONVERSION = YES;
				CLANG_WARN_CONSTANT_CONVERSION = YES;
				CLANG_WARN_DIRECT_OBJC_ISA_USAGE = YES_ERROR;
				CLANG_WARN_EMPTY_BODY = YES;
				CLANG_WARN_ENUM_CONVERSION = YES;
				CLANG_WARN_INT_CONVERSION = YES;
				CLANG_WARN_OBJC_ROOT_CLASS = YES_ERROR;
				CLANG_WARN__DUPLICATE_METHOD_MATCH = YES;
				"CODE_SIGN_IDENTITY[sdk=iphoneos*]" = "iPhone Developer";
				COPY_PHASE_STRIP = YES;
				ENABLE_NS_ASSERTIONS = NO;
				GCC_C_LANGUAGE_STANDARD = gnu99;
				GCC_WARN_64_TO_32_BIT_CONVERSION = YES;
				GCC_WARN_ABOUT_RETURN_TYPE = YES_ERROR;
				GCC_WARN_UNDECLARED_SELECTOR = YES;
				GCC_WARN_UNINITIALIZED_AUTOS = YES;
				GCC_WARN_UNUSED_FUNCTION = YES;
				GCC_WARN_UNUSED_VARIABLE = YES;
				IPHONEOS_DEPLOYMENT_TARGET = 7.0;
				SDKROOT = iphoneos;
				VALIDATE_PRODUCT = YES;
			};
			name = Release;
		};
		7A378D26186AAA9E00D2793A /* Debug */ = {
			isa = XCBuildConfiguration;
			buildSettings = {
				ASSETCATALOG_COMPILER_APPICON_NAME = AppIcon;
				ASSETCATALOG_COMPILER_LAUNCHIMAGE_NAME = LaunchImage;
				GCC_PRECOMPILE_PREFIX_HEADER = YES;
				GCC_PREFIX_HEADER = "Attributor/Attributor-Prefix.pch";
				INFOPLIST_FILE = "Attributor/Attributor-Info.plist";
				PRODUCT_NAME = "$(TARGET_NAME)";
				WRAPPER_EXTENSION = app;
			};
			name = Debug;
		};
		7A378D27186AAA9E00D2793A /* Release */ = {
			isa = XCBuildConfiguration;
			buildSettings = {
				ASSETCATALOG_COMPILER_APPICON_NAME = AppIcon;
				ASSETCATALOG_COMPILER_LAUNCHIMAGE_NAME = LaunchImage;
				GCC_PRECOMPILE_PREFIX_HEADER = YES;
				GCC_PREFIX_HEADER = "Attributor/Attributor-Prefix.pch";
				INFOPLIST_FILE = "Attributor/Attributor-Info.plist";
				PRODUCT_NAME = "$(TARGET_NAME)";
				WRAPPER_EXTENSION = app;
			};
			name = Release;
		};
		7A378D29186AAA9E00D2793A /* Debug */ = {
			isa = XCBuildConfiguration;
			buildSettings = {
				ARCHS = "$(ARCHS_STANDARD_INCLUDING_64_BIT)";
				BUNDLE_LOADER = "$(BUILT_PRODUCTS_DIR)/Attributor.app/Attributor";
				FRAMEWORK_SEARCH_PATHS = (
					"$(SDKROOT)/Developer/Library/Frameworks",
					"$(inherited)",
					"$(DEVELOPER_FRAMEWORKS_DIR)",
				);
				GCC_PRECOMPILE_PREFIX_HEADER = YES;
				GCC_PREFIX_HEADER = "Attributor/Attributor-Prefix.pch";
				GCC_PREPROCESSOR_DEFINITIONS = (
					"DEBUG=1",
					"$(inherited)",
				);
				INFOPLIST_FILE = "AttributorTests/AttributorTests-Info.plist";
				PRODUCT_NAME = "$(TARGET_NAME)";
				TEST_HOST = "$(BUNDLE_LOADER)";
				WRAPPER_EXTENSION = xctest;
			};
			name = Debug;
		};
		7A378D2A186AAA9E00D2793A /* Release */ = {
			isa = XCBuildConfiguration;
			buildSettings = {
				ARCHS = "$(ARCHS_STANDARD_INCLUDING_64_BIT)";
				BUNDLE_LOADER = "$(BUILT_PRODUCTS_DIR)/Attributor.app/Attributor";
				FRAMEWORK_SEARCH_PATHS = (
					"$(SDKROOT)/Developer/Library/Frameworks",
					"$(inherited)",
					"$(DEVELOPER_FRAMEWORKS_DIR)",
				);
				GCC_PRECOMPILE_PREFIX_HEADER = YES;
				GCC_PREFIX_HEADER = "Attributor/Attributor-Prefix.pch";
				INFOPLIST_FILE = "AttributorTests/AttributorTests-Info.plist";
				PRODUCT_NAME = "$(TARGET_NAME)";
				TEST_HOST = "$(BUNDLE_LOADER)";
				WRAPPER_EXTENSION = xctest;
			};
			name = Release;
		};
/* End XCBuildConfiguration section */

/* Begin XCConfigurationList section */
		7A378CEE186AAA9E00D2793A /* Build configuration list for PBXProject "Attributor" */ = {
			isa = XCConfigurationList;
			buildConfigurations = (
				7A378D23186AAA9E00D2793A /* Debug */,
				7A378D24186AAA9E00D2793A /* Release */,
			);
			defaultConfigurationIsVisible = 0;
			defaultConfigurationName = Release;
		};
		7A378D25186AAA9E00D2793A /* Build configuration list for PBXNativeTarget "Attributor" */ = {
			isa = XCConfigurationList;
			buildConfigurations = (
				7A378D26186AAA9E00D2793A /* Debug */,
				7A378D27186AAA9E00D2793A /* Release */,
			);
			defaultConfigurationIsVisible = 0;
			defaultConfigurationName = Release;
		};
		7A378D28186AAA9E00D2793A /* Build configuration list for PBXNativeTarget "AttributorTests" */ = {
			isa = XCConfigurationList;
			buildConfigurations = (
				7A378D29186AAA9E00D2793A /* Debug */,
				7A378D2A186AAA9E00D2793A /* Release */,
			);
			defaultConfigurationIsVisible = 0;
			defaultConfigurationName = Release;
		};
/* End XCConfigurationList section */
	};
	rootObject = 7A378CEB186AAA9E00D2793A /* Project object */;
}
