// !$*UTF8*$!
{
	archiveVersion = 1;
	classes = {
	};
	objectVersion = 46;
	objects = {

/* Begin PBXBuildFile section */
		7A6A3C1718332A25008D3649 /* Default-568h@2x.png in Resources */ = {isa = PBXBuildFile; fileRef = 7A6A3C1618332A25008D3649 /* Default-568h@2x.png */; };
		7ACA527818332C3C00614CD8 /* AFHTTPRequestOperation.m in Sources */ = {isa = PBXBuildFile; fileRef = 7ACA526618332C3C00614CD8 /* AFHTTPRequestOperation.m */; };
		7ACA527918332C3C00614CD8 /* AFHTTPRequestOperationManager.m in Sources */ = {isa = PBXBuildFile; fileRef = 7ACA526818332C3C00614CD8 /* AFHTTPRequestOperationManager.m */; };
		7ACA527A18332C3C00614CD8 /* AFHTTPSessionManager.m in Sources */ = {isa = PBXBuildFile; fileRef = 7ACA526A18332C3C00614CD8 /* AFHTTPSessionManager.m */; };
		7ACA527B18332C3C00614CD8 /* AFNetworkReachabilityManager.m in Sources */ = {isa = PBXBuildFile; fileRef = 7ACA526D18332C3C00614CD8 /* AFNetworkReachabilityManager.m */; };
		7ACA527C18332C3C00614CD8 /* AFSecurityPolicy.m in Sources */ = {isa = PBXBuildFile; fileRef = 7ACA526F18332C3C00614CD8 /* AFSecurityPolicy.m */; };
		7ACA527D18332C3C00614CD8 /* AFURLConnectionOperation.m in Sources */ = {isa = PBXBuildFile; fileRef = 7ACA527118332C3C00614CD8 /* AFURLConnectionOperation.m */; };
		7ACA527E18332C3C00614CD8 /* AFURLRequestSerialization.m in Sources */ = {isa = PBXBuildFile; fileRef = 7ACA527318332C3C00614CD8 /* AFURLRequestSerialization.m */; };
		7ACA527F18332C3C00614CD8 /* AFURLResponseSerialization.m in Sources */ = {isa = PBXBuildFile; fileRef = 7ACA527518332C3C00614CD8 /* AFURLResponseSerialization.m */; };
		7ACA528018332C3C00614CD8 /* AFURLSessionManager.m in Sources */ = {isa = PBXBuildFile; fileRef = 7ACA527718332C3C00614CD8 /* AFURLSessionManager.m */; };
		9C0C5D5C1503722E000A19FD /* Storyboard.storyboard in Resources */ = {isa = PBXBuildFile; fileRef = 9C0C5D5B1503722E000A19FD /* Storyboard.storyboard */; };
		9C21AF1714E4579F00DB003E /* UIKit.framework in Frameworks */ = {isa = PBXBuildFile; fileRef = 9C21AF1614E4579F00DB003E /* UIKit.framework */; };
		9C21AF1914E4579F00DB003E /* Foundation.framework in Frameworks */ = {isa = PBXBuildFile; fileRef = 9C21AF1814E4579F00DB003E /* Foundation.framework */; };
		9C21AF1B14E4579F00DB003E /* CoreGraphics.framework in Frameworks */ = {isa = PBXBuildFile; fileRef = 9C21AF1A14E4579F00DB003E /* CoreGraphics.framework */; };
		9C21AF2114E4579F00DB003E /* InfoPlist.strings in Resources */ = {isa = PBXBuildFile; fileRef = 9C21AF1F14E4579F00DB003E /* InfoPlist.strings */; };
		9C21AF2314E4579F00DB003E /* main.m in Sources */ = {isa = PBXBuildFile; fileRef = 9C21AF2214E4579F00DB003E /* main.m */; };
		9C21AF2714E4579F00DB003E /* AppDelegate.m in Sources */ = {isa = PBXBuildFile; fileRef = 9C21AF2614E4579F00DB003E /* AppDelegate.m */; };
		9C21AF5E14E4581900DB003E /* PhotoScreen.m in Sources */ = {isa = PBXBuildFile; fileRef = 9C21AF5C14E4581900DB003E /* PhotoScreen.m */; };
		9C21AF6114E4596F00DB003E /* CFNetwork.framework in Frameworks */ = {isa = PBXBuildFile; fileRef = 9C21AF6014E4596F00DB003E /* CFNetwork.framework */; };
		9C21AF6514E459CC00DB003E /* Security.framework in Frameworks */ = {isa = PBXBuildFile; fileRef = 9C21AF6414E459CC00DB003E /* Security.framework */; };
		9C21AF6B14E45AAB00DB003E /* AssetsLibrary.framework in Frameworks */ = {isa = PBXBuildFile; fileRef = 9C21AF6A14E45AAB00DB003E /* AssetsLibrary.framework */; };
		9C21AF7D14E4625700DB003E /* LoginScreen.m in Sources */ = {isa = PBXBuildFile; fileRef = 9C21AF7B14E4625700DB003E /* LoginScreen.m */; };
		9C21AF8114E4642000DB003E /* UIAlertView+error.m in Sources */ = {isa = PBXBuildFile; fileRef = 9C21AF8014E4642000DB003E /* UIAlertView+error.m */; };
		9C427B0E14FA4DBA00C708B8 /* SystemConfiguration.framework in Frameworks */ = {isa = PBXBuildFile; fileRef = 9C427B0D14FA4DBA00C708B8 /* SystemConfiguration.framework */; };
		9C60DA8614E5316A00442413 /* StreamScreen.m in Sources */ = {isa = PBXBuildFile; fileRef = 9C60DA8414E5316A00442413 /* StreamScreen.m */; };
		9C60DA8914E53C7100442413 /* CoreImage.framework in Frameworks */ = {isa = PBXBuildFile; fileRef = 9C60DA8814E53C7100442413 /* CoreImage.framework */; };
		9C60DA8E14E5478C00442413 /* placeholder.png in Resources */ = {isa = PBXBuildFile; fileRef = 9C60DA8D14E5478B00442413 /* placeholder.png */; };
		9C9C950814E56EA100AA9BC3 /* StreamPhotoScreen.m in Sources */ = {isa = PBXBuildFile; fileRef = 9C9C950614E56EA100AA9BC3 /* StreamPhotoScreen.m */; };
		9CFE0B9814E5B12B00408F86 /* UIImage+Alpha.m in Sources */ = {isa = PBXBuildFile; fileRef = 9CFE0B9314E5B12B00408F86 /* UIImage+Alpha.m */; };
		9CFE0B9914E5B12B00408F86 /* UIImage+Resize.m in Sources */ = {isa = PBXBuildFile; fileRef = 9CFE0B9514E5B12B00408F86 /* UIImage+Resize.m */; };
		9CFE0B9A14E5B12B00408F86 /* UIImage+RoundedCorner.m in Sources */ = {isa = PBXBuildFile; fileRef = 9CFE0B9714E5B12B00408F86 /* UIImage+RoundedCorner.m */; };
/* End PBXBuildFile section */

/* Begin PBXFileReference section */
		7A6A3C1618332A25008D3649 /* Default-568h@2x.png */ = {isa = PBXFileReference; lastKnownFileType = image.png; path = "Default-568h@2x.png"; sourceTree = "<group>"; };
		7ACA526518332C3C00614CD8 /* AFHTTPRequestOperation.h */ = {isa = PBXFileReference; fileEncoding = 4; lastKnownFileType = sourcecode.c.h; path = AFHTTPRequestOperation.h; sourceTree = "<group>"; };
		7ACA526618332C3C00614CD8 /* AFHTTPRequestOperation.m */ = {isa = PBXFileReference; fileEncoding = 4; lastKnownFileType = sourcecode.c.objc; path = AFHTTPRequestOperation.m; sourceTree = "<group>"; };
		7ACA526718332C3C00614CD8 /* AFHTTPRequestOperationManager.h */ = {isa = PBXFileReference; fileEncoding = 4; lastKnownFileType = sourcecode.c.h; path = AFHTTPRequestOperationManager.h; sourceTree = "<group>"; };
		7ACA526818332C3C00614CD8 /* AFHTTPRequestOperationManager.m */ = {isa = PBXFileReference; fileEncoding = 4; lastKnownFileType = sourcecode.c.objc; path = AFHTTPRequestOperationManager.m; sourceTree = "<group>"; };
		7ACA526918332C3C00614CD8 /* AFHTTPSessionManager.h */ = {isa = PBXFileReference; fileEncoding = 4; lastKnownFileType = sourcecode.c.h; path = AFHTTPSessionManager.h; sourceTree = "<group>"; };
		7ACA526A18332C3C00614CD8 /* AFHTTPSessionManager.m */ = {isa = PBXFileReference; fileEncoding = 4; lastKnownFileType = sourcecode.c.objc; path = AFHTTPSessionManager.m; sourceTree = "<group>"; };
		7ACA526B18332C3C00614CD8 /* AFNetworking.h */ = {isa = PBXFileReference; fileEncoding = 4; lastKnownFileType = sourcecode.c.h; path = AFNetworking.h; sourceTree = "<group>"; };
		7ACA526C18332C3C00614CD8 /* AFNetworkReachabilityManager.h */ = {isa = PBXFileReference; fileEncoding = 4; lastKnownFileType = sourcecode.c.h; path = AFNetworkReachabilityManager.h; sourceTree = "<group>"; };
		7ACA526D18332C3C00614CD8 /* AFNetworkReachabilityManager.m */ = {isa = PBXFileReference; fileEncoding = 4; lastKnownFileType = sourcecode.c.objc; path = AFNetworkReachabilityManager.m; sourceTree = "<group>"; };
		7ACA526E18332C3C00614CD8 /* AFSecurityPolicy.h */ = {isa = PBXFileReference; fileEncoding = 4; lastKnownFileType = sourcecode.c.h; path = AFSecurityPolicy.h; sourceTree = "<group>"; };
		7ACA526F18332C3C00614CD8 /* AFSecurityPolicy.m */ = {isa = PBXFileReference; fileEncoding = 4; lastKnownFileType = sourcecode.c.objc; path = AFSecurityPolicy.m; sourceTree = "<group>"; };
		7ACA527018332C3C00614CD8 /* AFURLConnectionOperation.h */ = {isa = PBXFileReference; fileEncoding = 4; lastKnownFileType = sourcecode.c.h; path = AFURLConnectionOperation.h; sourceTree = "<group>"; };
		7ACA527118332C3C00614CD8 /* AFURLConnectionOperation.m */ = {isa = PBXFileReference; fileEncoding = 4; lastKnownFileType = sourcecode.c.objc; path = AFURLConnectionOperation.m; sourceTree = "<group>"; };
		7ACA527218332C3C00614CD8 /* AFURLRequestSerialization.h */ = {isa = PBXFileReference; fileEncoding = 4; lastKnownFileType = sourcecode.c.h; path = AFURLRequestSerialization.h; sourceTree = "<group>"; };
		7ACA527318332C3C00614CD8 /* AFURLRequestSerialization.m */ = {isa = PBXFileReference; fileEncoding = 4; lastKnownFileType = sourcecode.c.objc; path = AFURLRequestSerialization.m; sourceTree = "<group>"; };
		7ACA527418332C3C00614CD8 /* AFURLResponseSerialization.h */ = {isa = PBXFileReference; fileEncoding = 4; lastKnownFileType = sourcecode.c.h; path = AFURLResponseSerialization.h; sourceTree = "<group>"; };
		7ACA527518332C3C00614CD8 /* AFURLResponseSerialization.m */ = {isa = PBXFileReference; fileEncoding = 4; lastKnownFileType = sourcecode.c.objc; path = AFURLResponseSerialization.m; sourceTree = "<group>"; };
		7ACA527618332C3C00614CD8 /* AFURLSessionManager.h */ = {isa = PBXFileReference; fileEncoding = 4; lastKnownFileType = sourcecode.c.h; path = AFURLSessionManager.h; sourceTree = "<group>"; };
		7ACA527718332C3C00614CD8 /* AFURLSessionManager.m */ = {isa = PBXFileReference; fileEncoding = 4; lastKnownFileType = sourcecode.c.objc; path = AFURLSessionManager.m; sourceTree = "<group>"; };
		9C0C5D5B1503722E000A19FD /* Storyboard.storyboard */ = {isa = PBXFileReference; fileEncoding = 4; lastKnownFileType = file.storyboard; path = Storyboard.storyboard; sourceTree = "<group>"; };
		9C21AF1214E4579F00DB003E /* iReporter.app */ = {isa = PBXFileReference; explicitFileType = wrapper.application; includeInIndex = 0; path = iReporter.app; sourceTree = BUILT_PRODUCTS_DIR; };
		9C21AF1614E4579F00DB003E /* UIKit.framework */ = {isa = PBXFileReference; lastKnownFileType = wrapper.framework; name = UIKit.framework; path = System/Library/Frameworks/UIKit.framework; sourceTree = SDKROOT; };
		9C21AF1814E4579F00DB003E /* Foundation.framework */ = {isa = PBXFileReference; lastKnownFileType = wrapper.framework; name = Foundation.framework; path = System/Library/Frameworks/Foundation.framework; sourceTree = SDKROOT; };
		9C21AF1A14E4579F00DB003E /* CoreGraphics.framework */ = {isa = PBXFileReference; lastKnownFileType = wrapper.framework; name = CoreGraphics.framework; path = System/Library/Frameworks/CoreGraphics.framework; sourceTree = SDKROOT; };
		9C21AF1E14E4579F00DB003E /* iReporter-Info.plist */ = {isa = PBXFileReference; lastKnownFileType = text.plist.xml; path = "iReporter-Info.plist"; sourceTree = "<group>"; };
		9C21AF2014E4579F00DB003E /* en */ = {isa = PBXFileReference; lastKnownFileType = text.plist.strings; name = en; path = en.lproj/InfoPlist.strings; sourceTree = "<group>"; };
		9C21AF2214E4579F00DB003E /* main.m */ = {isa = PBXFileReference; lastKnownFileType = sourcecode.c.objc; path = main.m; sourceTree = "<group>"; };
		9C21AF2414E4579F00DB003E /* iReporter-Prefix.pch */ = {isa = PBXFileReference; lastKnownFileType = sourcecode.c.h; path = "iReporter-Prefix.pch"; sourceTree = "<group>"; };
		9C21AF2514E4579F00DB003E /* AppDelegate.h */ = {isa = PBXFileReference; lastKnownFileType = sourcecode.c.h; path = AppDelegate.h; sourceTree = "<group>"; };
		9C21AF2614E4579F00DB003E /* AppDelegate.m */ = {isa = PBXFileReference; lastKnownFileType = sourcecode.c.objc; path = AppDelegate.m; sourceTree = "<group>"; };
		9C21AF5B14E4581900DB003E /* PhotoScreen.h */ = {isa = PBXFileReference; fileEncoding = 4; lastKnownFileType = sourcecode.c.h; path = PhotoScreen.h; sourceTree = "<group>"; };
		9C21AF5C14E4581900DB003E /* PhotoScreen.m */ = {isa = PBXFileReference; fileEncoding = 4; lastKnownFileType = sourcecode.c.objc; path = PhotoScreen.m; sourceTree = "<group>"; };
		9C21AF6014E4596F00DB003E /* CFNetwork.framework */ = {isa = PBXFileReference; lastKnownFileType = wrapper.framework; name = CFNetwork.framework; path = System/Library/Frameworks/CFNetwork.framework; sourceTree = SDKROOT; };
		9C21AF6414E459CC00DB003E /* Security.framework */ = {isa = PBXFileReference; lastKnownFileType = wrapper.framework; name = Security.framework; path = System/Library/Frameworks/Security.framework; sourceTree = SDKROOT; };
		9C21AF6A14E45AAB00DB003E /* AssetsLibrary.framework */ = {isa = PBXFileReference; lastKnownFileType = wrapper.framework; name = AssetsLibrary.framework; path = System/Library/Frameworks/AssetsLibrary.framework; sourceTree = SDKROOT; };
		9C21AF7A14E4625700DB003E /* LoginScreen.h */ = {isa = PBXFileReference; fileEncoding = 4; lastKnownFileType = sourcecode.c.h; path = LoginScreen.h; sourceTree = "<group>"; };
		9C21AF7B14E4625700DB003E /* LoginScreen.m */ = {isa = PBXFileReference; fileEncoding = 4; lastKnownFileType = sourcecode.c.objc; path = LoginScreen.m; sourceTree = "<group>"; };
		9C21AF7F14E4642000DB003E /* UIAlertView+error.h */ = {isa = PBXFileReference; fileEncoding = 4; lastKnownFileType = sourcecode.c.h; path = "UIAlertView+error.h"; sourceTree = "<group>"; };
		9C21AF8014E4642000DB003E /* UIAlertView+error.m */ = {isa = PBXFileReference; fileEncoding = 4; lastKnownFileType = sourcecode.c.objc; path = "UIAlertView+error.m"; sourceTree = "<group>"; };
		9C427B0D14FA4DBA00C708B8 /* SystemConfiguration.framework */ = {isa = PBXFileReference; lastKnownFileType = wrapper.framework; name = SystemConfiguration.framework; path = System/Library/Frameworks/SystemConfiguration.framework; sourceTree = SDKROOT; };
		9C60DA8314E5316A00442413 /* StreamScreen.h */ = {isa = PBXFileReference; fileEncoding = 4; lastKnownFileType = sourcecode.c.h; path = StreamScreen.h; sourceTree = "<group>"; };
		9C60DA8414E5316A00442413 /* StreamScreen.m */ = {isa = PBXFileReference; fileEncoding = 4; lastKnownFileType = sourcecode.c.objc; path = StreamScreen.m; sourceTree = "<group>"; };
		9C60DA8814E53C7100442413 /* CoreImage.framework */ = {isa = PBXFileReference; lastKnownFileType = wrapper.framework; name = CoreImage.framework; path = System/Library/Frameworks/CoreImage.framework; sourceTree = SDKROOT; };
		9C60DA8D14E5478B00442413 /* placeholder.png */ = {isa = PBXFileReference; lastKnownFileType = image.png; path = placeholder.png; sourceTree = "<group>"; };
		9C9C950514E56EA100AA9BC3 /* StreamPhotoScreen.h */ = {isa = PBXFileReference; fileEncoding = 4; lastKnownFileType = sourcecode.c.h; path = StreamPhotoScreen.h; sourceTree = "<group>"; };
		9C9C950614E56EA100AA9BC3 /* StreamPhotoScreen.m */ = {isa = PBXFileReference; fileEncoding = 4; lastKnownFileType = sourcecode.c.objc; path = StreamPhotoScreen.m; sourceTree = "<group>"; };
		9CFE0B9214E5B12B00408F86 /* UIImage+Alpha.h */ = {isa = PBXFileReference; fileEncoding = 4; lastKnownFileType = sourcecode.c.h; path = "UIImage+Alpha.h"; sourceTree = "<group>"; };
		9CFE0B9314E5B12B00408F86 /* UIImage+Alpha.m */ = {isa = PBXFileReference; fileEncoding = 4; lastKnownFileType = sourcecode.c.objc; path = "UIImage+Alpha.m"; sourceTree = "<group>"; };
		9CFE0B9414E5B12B00408F86 /* UIImage+Resize.h */ = {isa = PBXFileReference; fileEncoding = 4; lastKnownFileType = sourcecode.c.h; path = "UIImage+Resize.h"; sourceTree = "<group>"; };
		9CFE0B9514E5B12B00408F86 /* UIImage+Resize.m */ = {isa = PBXFileReference; fileEncoding = 4; lastKnownFileType = sourcecode.c.objc; path = "UIImage+Resize.m"; sourceTree = "<group>"; };
		9CFE0B9614E5B12B00408F86 /* UIImage+RoundedCorner.h */ = {isa = PBXFileReference; fileEncoding = 4; lastKnownFileType = sourcecode.c.h; path = "UIImage+RoundedCorner.h"; sourceTree = "<group>"; };
		9CFE0B9714E5B12B00408F86 /* UIImage+RoundedCorner.m */ = {isa = PBXFileReference; fileEncoding = 4; lastKnownFileType = sourcecode.c.objc; path = "UIImage+RoundedCorner.m"; sourceTree = "<group>"; };
/* End PBXFileReference section */

/* Begin PBXFrameworksBuildPhase section */
		9C21AF0F14E4579F00DB003E /* Frameworks */ = {
			isa = PBXFrameworksBuildPhase;
			buildActionMask = 2147483647;
			files = (
				9C427B0E14FA4DBA00C708B8 /* SystemConfiguration.framework in Frameworks */,
				9C60DA8914E53C7100442413 /* CoreImage.framework in Frameworks */,
				9C21AF6B14E45AAB00DB003E /* AssetsLibrary.framework in Frameworks */,
				9C21AF6514E459CC00DB003E /* Security.framework in Frameworks */,
				9C21AF6114E4596F00DB003E /* CFNetwork.framework in Frameworks */,
				9C21AF1714E4579F00DB003E /* UIKit.framework in Frameworks */,
				9C21AF1914E4579F00DB003E /* Foundation.framework in Frameworks */,
				9C21AF1B14E4579F00DB003E /* CoreGraphics.framework in Frameworks */,
			);
			runOnlyForDeploymentPostprocessing = 0;
		};
/* End PBXFrameworksBuildPhase section */

/* Begin PBXGroup section */
		7ACA526418332C3C00614CD8 /* AFNetworking */ = {
			isa = PBXGroup;
			children = (
				7ACA526518332C3C00614CD8 /* AFHTTPRequestOperation.h */,
				7ACA526618332C3C00614CD8 /* AFHTTPRequestOperation.m */,
				7ACA526718332C3C00614CD8 /* AFHTTPRequestOperationManager.h */,
				7ACA526818332C3C00614CD8 /* AFHTTPRequestOperationManager.m */,
				7ACA526918332C3C00614CD8 /* AFHTTPSessionManager.h */,
				7ACA526A18332C3C00614CD8 /* AFHTTPSessionManager.m */,
				7ACA526B18332C3C00614CD8 /* AFNetworking.h */,
				7ACA526C18332C3C00614CD8 /* AFNetworkReachabilityManager.h */,
				7ACA526D18332C3C00614CD8 /* AFNetworkReachabilityManager.m */,
				7ACA526E18332C3C00614CD8 /* AFSecurityPolicy.h */,
				7ACA526F18332C3C00614CD8 /* AFSecurityPolicy.m */,
				7ACA527018332C3C00614CD8 /* AFURLConnectionOperation.h */,
				7ACA527118332C3C00614CD8 /* AFURLConnectionOperation.m */,
				7ACA527218332C3C00614CD8 /* AFURLRequestSerialization.h */,
				7ACA527318332C3C00614CD8 /* AFURLRequestSerialization.m */,
				7ACA527418332C3C00614CD8 /* AFURLResponseSerialization.h */,
				7ACA527518332C3C00614CD8 /* AFURLResponseSerialization.m */,
				7ACA527618332C3C00614CD8 /* AFURLSessionManager.h */,
				7ACA527718332C3C00614CD8 /* AFURLSessionManager.m */,
			);
			path = AFNetworking;
			sourceTree = "<group>";
		};
		9C21AF0714E4579F00DB003E = {
			isa = PBXGroup;
			children = (
				7A6A3C1618332A25008D3649 /* Default-568h@2x.png */,
				9C21AF1C14E4579F00DB003E /* iReporter */,
				9C21AF1514E4579F00DB003E /* Frameworks */,
				9C21AF1314E4579F00DB003E /* Products */,
			);
			sourceTree = "<group>";
		};
		9C21AF1314E4579F00DB003E /* Products */ = {
			isa = PBXGroup;
			children = (
				9C21AF1214E4579F00DB003E /* iReporter.app */,
			);
			name = Products;
			sourceTree = "<group>";
		};
		9C21AF1514E4579F00DB003E /* Frameworks */ = {
			isa = PBXGroup;
			children = (
				9C427B0D14FA4DBA00C708B8 /* SystemConfiguration.framework */,
				9C60DA8814E53C7100442413 /* CoreImage.framework */,
				9C21AF6A14E45AAB00DB003E /* AssetsLibrary.framework */,
				9C21AF6414E459CC00DB003E /* Security.framework */,
				9C21AF6014E4596F00DB003E /* CFNetwork.framework */,
				9C21AF1614E4579F00DB003E /* UIKit.framework */,
				9C21AF1814E4579F00DB003E /* Foundation.framework */,
				9C21AF1A14E4579F00DB003E /* CoreGraphics.framework */,
			);
			name = Frameworks;
			sourceTree = "<group>";
		};
		9C21AF1C14E4579F00DB003E /* iReporter */ = {
			isa = PBXGroup;
			children = (
				9C60DA8D14E5478B00442413 /* placeholder.png */,
				7ACA526418332C3C00614CD8 /* AFNetworking */,
				9C60DA8214E5308600442413 /* Categories */,
				9C60DA8014E5306800442413 /* Screens */,
				9C21AF2514E4579F00DB003E /* AppDelegate.h */,
				9C21AF2614E4579F00DB003E /* AppDelegate.m */,
				9C21AF1D14E4579F00DB003E /* Supporting Files */,
			);
			path = iReporter;
			sourceTree = "<group>";
		};
		9C21AF1D14E4579F00DB003E /* Supporting Files */ = {
			isa = PBXGroup;
			children = (
				9C21AF1E14E4579F00DB003E /* iReporter-Info.plist */,
				9C21AF1F14E4579F00DB003E /* InfoPlist.strings */,
				9C21AF2214E4579F00DB003E /* main.m */,
				9C21AF2414E4579F00DB003E /* iReporter-Prefix.pch */,
			);
			name = "Supporting Files";
			sourceTree = "<group>";
		};
		9C60DA8014E5306800442413 /* Screens */ = {
			isa = PBXGroup;
			children = (
				9C0C5D5B1503722E000A19FD /* Storyboard.storyboard */,
				9C21AF7A14E4625700DB003E /* LoginScreen.h */,
				9C21AF7B14E4625700DB003E /* LoginScreen.m */,
				9C21AF5B14E4581900DB003E /* PhotoScreen.h */,
				9C21AF5C14E4581900DB003E /* PhotoScreen.m */,
				9C60DA8314E5316A00442413 /* StreamScreen.h */,
				9C60DA8414E5316A00442413 /* StreamScreen.m */,
				9C9C950514E56EA100AA9BC3 /* StreamPhotoScreen.h */,
				9C9C950614E56EA100AA9BC3 /* StreamPhotoScreen.m */,
			);
			name = Screens;
			sourceTree = "<group>";
		};
		9C60DA8214E5308600442413 /* Categories */ = {
			isa = PBXGroup;
			children = (
				9CFE0B9214E5B12B00408F86 /* UIImage+Alpha.h */,
				9CFE0B9314E5B12B00408F86 /* UIImage+Alpha.m */,
				9CFE0B9414E5B12B00408F86 /* UIImage+Resize.h */,
				9CFE0B9514E5B12B00408F86 /* UIImage+Resize.m */,
				9CFE0B9614E5B12B00408F86 /* UIImage+RoundedCorner.h */,
				9CFE0B9714E5B12B00408F86 /* UIImage+RoundedCorner.m */,
				9C21AF7F14E4642000DB003E /* UIAlertView+error.h */,
				9C21AF8014E4642000DB003E /* UIAlertView+error.m */,
			);
			name = Categories;
			sourceTree = "<group>";
		};
/* End PBXGroup section */

/* Begin PBXNativeTarget section */
		9C21AF1114E4579F00DB003E /* iReporter */ = {
			isa = PBXNativeTarget;
			buildConfigurationList = 9C21AF3614E457A000DB003E /* Build configuration list for PBXNativeTarget "iReporter" */;
			buildPhases = (
				9C21AF0E14E4579F00DB003E /* Sources */,
				9C21AF0F14E4579F00DB003E /* Frameworks */,
				9C21AF1014E4579F00DB003E /* Resources */,
			);
			buildRules = (
			);
			dependencies = (
			);
			name = iReporter;
			productName = iReporter;
			productReference = 9C21AF1214E4579F00DB003E /* iReporter.app */;
			productType = "com.apple.product-type.application";
		};
/* End PBXNativeTarget section */

/* Begin PBXProject section */
		9C21AF0914E4579F00DB003E /* Project object */ = {
			isa = PBXProject;
			attributes = {
				LastUpgradeCheck = 0500;
				ORGANIZATIONNAME = "Marin Todorov";
			};
			buildConfigurationList = 9C21AF0C14E4579F00DB003E /* Build configuration list for PBXProject "iReporter" */;
			compatibilityVersion = "Xcode 3.2";
			developmentRegion = English;
			hasScannedForEncodings = 0;
			knownRegions = (
				en,
			);
			mainGroup = 9C21AF0714E4579F00DB003E;
			productRefGroup = 9C21AF1314E4579F00DB003E /* Products */;
			projectDirPath = "";
			projectRoot = "";
			targets = (
				9C21AF1114E4579F00DB003E /* iReporter */,
			);
		};
/* End PBXProject section */

/* Begin PBXResourcesBuildPhase section */
		9C21AF1014E4579F00DB003E /* Resources */ = {
			isa = PBXResourcesBuildPhase;
			buildActionMask = 2147483647;
			files = (
				9C21AF2114E4579F00DB003E /* InfoPlist.strings in Resources */,
				7A6A3C1718332A25008D3649 /* Default-568h@2x.png in Resources */,
				9C60DA8E14E5478C00442413 /* placeholder.png in Resources */,
				9C0C5D5C1503722E000A19FD /* Storyboard.storyboard in Resources */,
			);
			runOnlyForDeploymentPostprocessing = 0;
		};
/* End PBXResourcesBuildPhase section */

/* Begin PBXSourcesBuildPhase section */
		9C21AF0E14E4579F00DB003E /* Sources */ = {
			isa = PBXSourcesBuildPhase;
			buildActionMask = 2147483647;
			files = (
				7ACA527D18332C3C00614CD8 /* AFURLConnectionOperation.m in Sources */,
				9C21AF2314E4579F00DB003E /* main.m in Sources */,
				7ACA527C18332C3C00614CD8 /* AFSecurityPolicy.m in Sources */,
				9C21AF2714E4579F00DB003E /* AppDelegate.m in Sources */,
				7ACA527918332C3C00614CD8 /* AFHTTPRequestOperationManager.m in Sources */,
				9C21AF5E14E4581900DB003E /* PhotoScreen.m in Sources */,
				9C21AF7D14E4625700DB003E /* LoginScreen.m in Sources */,
				9C21AF8114E4642000DB003E /* UIAlertView+error.m in Sources */,
				9C60DA8614E5316A00442413 /* StreamScreen.m in Sources */,
				9C9C950814E56EA100AA9BC3 /* StreamPhotoScreen.m in Sources */,
				7ACA528018332C3C00614CD8 /* AFURLSessionManager.m in Sources */,
				7ACA527F18332C3C00614CD8 /* AFURLResponseSerialization.m in Sources */,
				9CFE0B9814E5B12B00408F86 /* UIImage+Alpha.m in Sources */,
				9CFE0B9914E5B12B00408F86 /* UIImage+Resize.m in Sources */,
				7ACA527E18332C3C00614CD8 /* AFURLRequestSerialization.m in Sources */,
				7ACA527B18332C3C00614CD8 /* AFNetworkReachabilityManager.m in Sources */,
				9CFE0B9A14E5B12B00408F86 /* UIImage+RoundedCorner.m in Sources */,
				7ACA527818332C3C00614CD8 /* AFHTTPRequestOperation.m in Sources */,
				7ACA527A18332C3C00614CD8 /* AFHTTPSessionManager.m in Sources */,
			);
			runOnlyForDeploymentPostprocessing = 0;
		};
/* End PBXSourcesBuildPhase section */

/* Begin PBXVariantGroup section */
		9C21AF1F14E4579F00DB003E /* InfoPlist.strings */ = {
			isa = PBXVariantGroup;
			children = (
				9C21AF2014E4579F00DB003E /* en */,
			);
			name = InfoPlist.strings;
			sourceTree = "<group>";
		};
/* End PBXVariantGroup section */

/* Begin XCBuildConfiguration section */
		9C21AF3414E457A000DB003E /* Debug */ = {
			isa = XCBuildConfiguration;
			buildSettings = {
				ALWAYS_SEARCH_USER_PATHS = NO;
				CLANG_ENABLE_OBJC_ARC = YES;
				CLANG_WARN_BOOL_CONVERSION = YES;
				CLANG_WARN_CONSTANT_CONVERSION = YES;
				CLANG_WARN_EMPTY_BODY = YES;
				CLANG_WARN_ENUM_CONVERSION = YES;
				CLANG_WARN_INT_CONVERSION = YES;
				CLANG_WARN__DUPLICATE_METHOD_MATCH = YES;
				"CODE_SIGN_IDENTITY[sdk=iphoneos*]" = "iPhone Developer";
				COPY_PHASE_STRIP = NO;
				GCC_C_LANGUAGE_STANDARD = gnu99;
				GCC_DYNAMIC_NO_PIC = NO;
				GCC_OPTIMIZATION_LEVEL = 0;
				GCC_PREPROCESSOR_DEFINITIONS = (
					"DEBUG=1",
					"$(inherited)",
				);
				GCC_SYMBOLS_PRIVATE_EXTERN = NO;
				GCC_VERSION = com.apple.compilers.llvm.clang.1_0;
				GCC_WARN_64_TO_32_BIT_CONVERSION = YES;
				GCC_WARN_ABOUT_MISSING_PROTOTYPES = YES;
				GCC_WARN_ABOUT_RETURN_TYPE = YES;
				GCC_WARN_UNDECLARED_SELECTOR = YES;
				GCC_WARN_UNINITIALIZED_AUTOS = YES;
				GCC_WARN_UNUSED_FUNCTION = YES;
				GCC_WARN_UNUSED_VARIABLE = YES;
				IPHONEOS_DEPLOYMENT_TARGET = 5.0;
				ONLY_ACTIVE_ARCH = YES;
				SDKROOT = iphoneos;
			};
			name = Debug;
		};
		9C21AF3514E457A000DB003E /* Release */ = {
			isa = XCBuildConfiguration;
			buildSettings = {
				ALWAYS_SEARCH_USER_PATHS = NO;
				CLANG_ENABLE_OBJC_ARC = YES;
				CLANG_WARN_BOOL_CONVERSION = YES;
				CLANG_WARN_CONSTANT_CONVERSION = YES;
				CLANG_WARN_EMPTY_BODY = YES;
				CLANG_WARN_ENUM_CONVERSION = YES;
				CLANG_WARN_INT_CONVERSION = YES;
				CLANG_WARN__DUPLICATE_METHOD_MATCH = YES;
				"CODE_SIGN_IDENTITY[sdk=iphoneos*]" = "iPhone Developer";
				COPY_PHASE_STRIP = YES;
				GCC_C_LANGUAGE_STANDARD = gnu99;
				GCC_VERSION = com.apple.compilers.llvm.clang.1_0;
				GCC_WARN_64_TO_32_BIT_CONVERSION = YES;
				GCC_WARN_ABOUT_MISSING_PROTOTYPES = YES;
				GCC_WARN_ABOUT_RETURN_TYPE = YES;
				GCC_WARN_UNDECLARED_SELECTOR = YES;
				GCC_WARN_UNINITIALIZED_AUTOS = YES;
				GCC_WARN_UNUSED_FUNCTION = YES;
				GCC_WARN_UNUSED_VARIABLE = YES;
				IPHONEOS_DEPLOYMENT_TARGET = 5.0;
				OTHER_CFLAGS = "-DNS_BLOCK_ASSERTIONS=1";
				SDKROOT = iphoneos;
				VALIDATE_PRODUCT = YES;
			};
			name = Release;
		};
		9C21AF3714E457A000DB003E /* Debug */ = {
			isa = XCBuildConfiguration;
			buildSettings = {
				GCC_PRECOMPILE_PREFIX_HEADER = YES;
				GCC_PREFIX_HEADER = "iReporter/iReporter-Prefix.pch";
				INFOPLIST_FILE = "iReporter/iReporter-Info.plist";
				PRODUCT_NAME = "$(TARGET_NAME)";
				WRAPPER_EXTENSION = app;
			};
			name = Debug;
		};
		9C21AF3814E457A000DB003E /* Release */ = {
			isa = XCBuildConfiguration;
			buildSettings = {
				GCC_PRECOMPILE_PREFIX_HEADER = YES;
				GCC_PREFIX_HEADER = "iReporter/iReporter-Prefix.pch";
				INFOPLIST_FILE = "iReporter/iReporter-Info.plist";
				PRODUCT_NAME = "$(TARGET_NAME)";
				WRAPPER_EXTENSION = app;
			};
			name = Release;
		};
/* End XCBuildConfiguration section */

/* Begin XCConfigurationList section */
		9C21AF0C14E4579F00DB003E /* Build configuration list for PBXProject "iReporter" */ = {
			isa = XCConfigurationList;
			buildConfigurations = (
				9C21AF3414E457A000DB003E /* Debug */,
				9C21AF3514E457A000DB003E /* Release */,
			);
			defaultConfigurationIsVisible = 0;
			defaultConfigurationName = Release;
		};
		9C21AF3614E457A000DB003E /* Build configuration list for PBXNativeTarget "iReporter" */ = {
			isa = XCConfigurationList;
			buildConfigurations = (
				9C21AF3714E457A000DB003E /* Debug */,
				9C21AF3814E457A000DB003E /* Release */,
			);
			defaultConfigurationIsVisible = 0;
			defaultConfigurationName = Release;
		};
/* End XCConfigurationList section */
	};
	rootObject = 9C21AF0914E4579F00DB003E /* Project object */;
}
